
Microsoft Visual Studio Solution File, Format Version 12.00
# Visual Studio Version 17
VisualStudioVersion = 17.5.2.0
MinimumVisualStudioVersion = 10.0.40219.1
Project("{FAE04EC0-301F-11D3-BF4B-00C04F79EFBC}") = "StateElevatorWorker", "StateElevatorWorker\StateElevatorWorker.csproj", "{F44EDAB0-E3A2-4C28-87CC-9A8CD0A69D40}"
EndProject
Project("{FAE04EC0-301F-11D3-BF4B-00C04F79EFBC}") = "Domain", "Domain\Domain.csproj", "{DF1BC6D3-4D3B-46CB-B668-8253FE2B1E76}"
EndProject
Project("{FAE04EC0-301F-11D3-BF4B-00C04F79EFBC}") = "Infrastructure", "Infrastructure\Infrastructure.csproj", "{86CA9233-8CA6-4E38-8A7E-BD0412C5DCB2}"
EndProject
Project("{FAE04EC0-301F-11D3-BF4B-00C04F79EFBC}") = "Application", "Application\Application.csproj", "{8D182B7D-EF32-46A1-95F0-BE75B0BA32EA}"
EndProject
Global
	GlobalSection(SolutionConfigurationPlatforms) = preSolution
		Debug|Any CPU = Debug|Any CPU
		Debug|x64 = Debug|x64
		Debug|x86 = Debug|x86
		Release|Any CPU = Release|Any CPU
		Release|x64 = Release|x64
		Release|x86 = Release|x86
	EndGlobalSection
	GlobalSection(ProjectConfigurationPlatforms) = postSolution
		{F44EDAB0-E3A2-4C28-87CC-9A8CD0A69D40}.Debug|Any CPU.ActiveCfg = Debug|Any CPU
		{F44EDAB0-E3A2-4C28-87CC-9A8CD0A69D40}.Debug|Any CPU.Build.0 = Debug|Any CPU
		{F44EDAB0-E3A2-4C28-87CC-9A8CD0A69D40}.Debug|x64.ActiveCfg = Debug|Any CPU
		{F44EDAB0-E3A2-4C28-87CC-9A8CD0A69D40}.Debug|x64.Build.0 = Debug|Any CPU
		{F44EDAB0-E3A2-4C28-87CC-9A8CD0A69D40}.Debug|x86.ActiveCfg = Debug|Any CPU
		{F44EDAB0-E3A2-4C28-87CC-9A8CD0A69D40}.Debug|x86.Build.0 = Debug|Any CPU
		{F44EDAB0-E3A2-4C28-87CC-9A8CD0A69D40}.Release|Any CPU.ActiveCfg = Release|Any CPU
		{F44EDAB0-E3A2-4C28-87CC-9A8CD0A69D40}.Release|Any CPU.Build.0 = Release|Any CPU
		{F44EDAB0-E3A2-4C28-87CC-9A8CD0A69D40}.Release|x64.ActiveCfg = Release|Any CPU
		{F44EDAB0-E3A2-4C28-87CC-9A8CD0A69D40}.Release|x64.Build.0 = Release|Any CPU
		{F44EDAB0-E3A2-4C28-87CC-9A8CD0A69D40}.Release|x86.ActiveCfg = Release|Any CPU
		{F44EDAB0-E3A2-4C28-87CC-9A8CD0A69D40}.Release|x86.Build.0 = Release|Any CPU
		{DF1BC6D3-4D3B-46CB-B668-8253FE2B1E76}.Debug|Any CPU.ActiveCfg = Debug|Any CPU
		{DF1BC6D3-4D3B-46CB-B668-8253FE2B1E76}.Debug|Any CPU.Build.0 = Debug|Any CPU
		{DF1BC6D3-4D3B-46CB-B668-8253FE2B1E76}.Debug|x64.ActiveCfg = Debug|Any CPU
		{DF1BC6D3-4D3B-46CB-B668-8253FE2B1E76}.Debug|x64.Build.0 = Debug|Any CPU
		{DF1BC6D3-4D3B-46CB-B668-8253FE2B1E76}.Debug|x86.ActiveCfg = Debug|Any CPU
		{DF1BC6D3-4D3B-46CB-B668-8253FE2B1E76}.Debug|x86.Build.0 = Debug|Any CPU
		{DF1BC6D3-4D3B-46CB-B668-8253FE2B1E76}.Release|Any CPU.ActiveCfg = Release|Any CPU
		{DF1BC6D3-4D3B-46CB-B668-8253FE2B1E76}.Release|Any CPU.Build.0 = Release|Any CPU
		{DF1BC6D3-4D3B-46CB-B668-8253FE2B1E76}.Release|x64.ActiveCfg = Release|Any CPU
		{DF1BC6D3-4D3B-46CB-B668-8253FE2B1E76}.Release|x64.Build.0 = Release|Any CPU
		{DF1BC6D3-4D3B-46CB-B668-8253FE2B1E76}.Release|x86.ActiveCfg = Release|Any CPU
		{DF1BC6D3-4D3B-46CB-B668-8253FE2B1E76}.Release|x86.Build.0 = Release|Any CPU
		{86CA9233-8CA6-4E38-8A7E-BD0412C5DCB2}.Debug|Any CPU.ActiveCfg = Debug|Any CPU
		{86CA9233-8CA6-4E38-8A7E-BD0412C5DCB2}.Debug|Any CPU.Build.0 = Debug|Any CPU
		{86CA9233-8CA6-4E38-8A7E-BD0412C5DCB2}.Debug|x64.ActiveCfg = Debug|Any CPU
		{86CA9233-8CA6-4E38-8A7E-BD0412C5DCB2}.Debug|x64.Build.0 = Debug|Any CPU
		{86CA9233-8CA6-4E38-8A7E-BD0412C5DCB2}.Debug|x86.ActiveCfg = Debug|Any CPU
		{86CA9233-8CA6-4E38-8A7E-BD0412C5DCB2}.Debug|x86.Build.0 = Debug|Any CPU
		{86CA9233-8CA6-4E38-8A7E-BD0412C5DCB2}.Release|Any CPU.ActiveCfg = Release|Any CPU
		{86CA9233-8CA6-4E38-8A7E-BD0412C5DCB2}.Release|Any CPU.Build.0 = Release|Any CPU
		{86CA9233-8CA6-4E38-8A7E-BD0412C5DCB2}.Release|x64.ActiveCfg = Release|Any CPU
		{86CA9233-8CA6-4E38-8A7E-BD0412C5DCB2}.Release|x64.Build.0 = Release|Any CPU
		{86CA9233-8CA6-4E38-8A7E-BD0412C5DCB2}.Release|x86.ActiveCfg = Release|Any CPU
		{86CA9233-8CA6-4E38-8A7E-BD0412C5DCB2}.Release|x86.Build.0 = Release|Any CPU
		{8D182B7D-EF32-46A1-95F0-BE75B0BA32EA}.Debug|Any CPU.ActiveCfg = Debug|Any CPU
		{8D182B7D-EF32-46A1-95F0-BE75B0BA32EA}.Debug|Any CPU.Build.0 = Debug|Any CPU
		{8D182B7D-EF32-46A1-95F0-BE75B0BA32EA}.Debug|x64.ActiveCfg = Debug|Any CPU
		{8D182B7D-EF32-46A1-95F0-BE75B0BA32EA}.Debug|x64.Build.0 = Debug|Any CPU
		{8D182B7D-EF32-46A1-95F0-BE75B0BA32EA}.Debug|x86.ActiveCfg = Debug|Any CPU
		{8D182B7D-EF32-46A1-95F0-BE75B0BA32EA}.Debug|x86.Build.0 = Debug|Any CPU
		{8D182B7D-EF32-46A1-95F0-BE75B0BA32EA}.Release|Any CPU.ActiveCfg = Release|Any CPU
		{8D182B7D-EF32-46A1-95F0-BE75B0BA32EA}.Release|Any CPU.Build.0 = Release|Any CPU
		{8D182B7D-EF32-46A1-95F0-BE75B0BA32EA}.Release|x64.ActiveCfg = Release|Any CPU
		{8D182B7D-EF32-46A1-95F0-BE75B0BA32EA}.Release|x64.Build.0 = Release|Any CPU
		{8D182B7D-EF32-46A1-95F0-BE75B0BA32EA}.Release|x86.ActiveCfg = Release|Any CPU
		{8D182B7D-EF32-46A1-95F0-BE75B0BA32EA}.Release|x86.Build.0 = Release|Any CPU
	EndGlobalSection
	GlobalSection(SolutionProperties) = preSolution
		HideSolutionNode = FALSE
	EndGlobalSection
	GlobalSection(ExtensibilityGlobals) = postSolution
		SolutionGuid = {C7215CE9-8B54-4FB3-A2EF-9D1B22A787D9}
	EndGlobalSection
EndGlobal
